
Microsoft Visual Studio Solution File, Format Version 12.00
# Visual Studio 15
VisualStudioVersion = 15.0.26403.3
MinimumVisualStudioVersion = 10.0.40219.1
Project("{FAE04EC0-301F-11D3-BF4B-00C04F79EFBC}") = "QualityCoderTeamA", "QualityCoderTeamA\QualityCoderTeamA.csproj", "{0048EB28-F10F-43A8-85EA-DD17C31FC369}"
EndProject
Project("{FAE04EC0-301F-11D3-BF4B-00C04F79EFBC}") = "QualityCoderTeamATest", "QualityCoderTeamATest\QualityCoderTeamATest.csproj", "{10962CB9-2489-4154-823E-66C83545D33D}"
EndProject
Global
	GlobalSection(SolutionConfigurationPlatforms) = preSolution
		Debug|Any CPU = Debug|Any CPU
		Release|Any CPU = Release|Any CPU
	EndGlobalSection
	GlobalSection(ProjectConfigurationPlatforms) = postSolution
		{0048EB28-F10F-43A8-85EA-DD17C31FC369}.Debug|Any CPU.ActiveCfg = Debug|Any CPU
		{0048EB28-F10F-43A8-85EA-DD17C31FC369}.Debug|Any CPU.Build.0 = Debug|Any CPU
		{0048EB28-F10F-43A8-85EA-DD17C31FC369}.Release|Any CPU.ActiveCfg = Release|Any CPU
		{0048EB28-F10F-43A8-85EA-DD17C31FC369}.Release|Any CPU.Build.0 = Release|Any CPU
		{10962CB9-2489-4154-823E-66C83545D33D}.Debug|Any CPU.ActiveCfg = Debug|Any CPU
		{10962CB9-2489-4154-823E-66C83545D33D}.Debug|Any CPU.Build.0 = Debug|Any CPU
		{10962CB9-2489-4154-823E-66C83545D33D}.Release|Any CPU.ActiveCfg = Release|Any CPU
		{10962CB9-2489-4154-823E-66C83545D33D}.Release|Any CPU.Build.0 = Release|Any CPU
	EndGlobalSection
	GlobalSection(SolutionProperties) = preSolution
		HideSolutionNode = FALSE
	EndGlobalSection
EndGlobal
